%{"json": {:hex, :json, "0.3.3", "373eb4f7321f898ad6772999f30daf65f9f38e1d3dd4d798d7a82d3b123fe1d3", [:mix], []},
  "meck": {:hex, :meck, "0.8.4", "59ca1cd971372aa223138efcf9b29475bde299e1953046a0c727184790ab1520", [:rebar, :make], []},
  "mock": {:hex, :mock, "0.1.3", "657937b03f88fce89b3f7d6becc9f1ec1ac19c71081aeb32117db9bc4d9b3980", [:mix], [{:meck, "~> 0.8.2", [hex: :meck, optional: false]}]},
  "observer_cli": {:hex, :observer_cli, "1.0.7", "54013653c72e75ff3b4b487342dfe56715c9749ff9c31a7de8f84d18a09e1c3c", [:mix, :rebar], [{:recon, "~> 2.3.1", [hex: :recon, optional: false]}]},
  "recon": {:hex, :recon, "2.3.1", "281f2cbb439fe3c043773ee6c83172abd80326dcc6153f6430e4d4e6b14d7e9d", [:rebar3], []}}
